
Microsoft Visual Studio Solution File, Format Version 12.00
# Visual Studio Version 17
VisualStudioVersion = 17.8.34309.116
MinimumVisualStudioVersion = 10.0.40219.1
Project("{9A19103F-16F7-4668-BE54-9A1E7A4F7556}") = "EFRepository", "EFRepository\EFRepository.csproj", "{CA5C1C23-E3D7-461C-BE6F-0EDAD75A7A86}"
EndProject
Project("{2150E333-8FDC-42A3-9474-1A3956D46DE8}") = "Solution Items", "Solution Items", "{99A55C93-7BA4-44E0-AE31-CDB162461DB8}"
	ProjectSection(SolutionItems) = preProject
		.editorconfig = .editorconfig
	EndProjectSection
EndProject
Project("{2150E333-8FDC-42A3-9474-1A3956D46DE8}") = "Examples", "Examples", "{2142D997-E537-4F10-8613-05C937DCA298}"
EndProject
Project("{2150E333-8FDC-42A3-9474-1A3956D46DE8}") = "One", "One", "{6499960F-2BD1-428E-99C9-19B323AC8010}"
EndProject
Project("{9A19103F-16F7-4668-BE54-9A1E7A4F7556}") = "One.Shared", "One.Shared\One.Shared.csproj", "{CF4F00B2-8039-4F83-A450-DF95AF5B3806}"
EndProject
Project("{9A19103F-16F7-4668-BE54-9A1E7A4F7556}") = "One.Backend", "One.Backend\One.Backend.csproj", "{288EA003-D239-48CB-81C7-B9A115F32E46}"
EndProject
Project("{9A19103F-16F7-4668-BE54-9A1E7A4F7556}") = "One.Frontend", "One.Frontend\One.Frontend.csproj", "{86F72996-8614-4937-81D2-6E3A0CDC8C51}"
EndProject
Global
	GlobalSection(SolutionConfigurationPlatforms) = preSolution
		Debug|Any CPU = Debug|Any CPU
		Release|Any CPU = Release|Any CPU
	EndGlobalSection
	GlobalSection(ProjectConfigurationPlatforms) = postSolution
		{CA5C1C23-E3D7-461C-BE6F-0EDAD75A7A86}.Debug|Any CPU.ActiveCfg = Debug|Any CPU
		{CA5C1C23-E3D7-461C-BE6F-0EDAD75A7A86}.Debug|Any CPU.Build.0 = Debug|Any CPU
		{CA5C1C23-E3D7-461C-BE6F-0EDAD75A7A86}.Release|Any CPU.ActiveCfg = Release|Any CPU
		{CA5C1C23-E3D7-461C-BE6F-0EDAD75A7A86}.Release|Any CPU.Build.0 = Release|Any CPU
		{CF4F00B2-8039-4F83-A450-DF95AF5B3806}.Debug|Any CPU.ActiveCfg = Debug|Any CPU
		{CF4F00B2-8039-4F83-A450-DF95AF5B3806}.Debug|Any CPU.Build.0 = Debug|Any CPU
		{CF4F00B2-8039-4F83-A450-DF95AF5B3806}.Release|Any CPU.ActiveCfg = Release|Any CPU
		{CF4F00B2-8039-4F83-A450-DF95AF5B3806}.Release|Any CPU.Build.0 = Release|Any CPU
		{288EA003-D239-48CB-81C7-B9A115F32E46}.Debug|Any CPU.ActiveCfg = Debug|Any CPU
		{288EA003-D239-48CB-81C7-B9A115F32E46}.Debug|Any CPU.Build.0 = Debug|Any CPU
		{288EA003-D239-48CB-81C7-B9A115F32E46}.Release|Any CPU.ActiveCfg = Release|Any CPU
		{288EA003-D239-48CB-81C7-B9A115F32E46}.Release|Any CPU.Build.0 = Release|Any CPU
		{86F72996-8614-4937-81D2-6E3A0CDC8C51}.Debug|Any CPU.ActiveCfg = Debug|Any CPU
		{86F72996-8614-4937-81D2-6E3A0CDC8C51}.Debug|Any CPU.Build.0 = Debug|Any CPU
		{86F72996-8614-4937-81D2-6E3A0CDC8C51}.Release|Any CPU.ActiveCfg = Release|Any CPU
		{86F72996-8614-4937-81D2-6E3A0CDC8C51}.Release|Any CPU.Build.0 = Release|Any CPU
	EndGlobalSection
	GlobalSection(SolutionProperties) = preSolution
		HideSolutionNode = FALSE
	EndGlobalSection
	GlobalSection(NestedProjects) = preSolution
		{6499960F-2BD1-428E-99C9-19B323AC8010} = {2142D997-E537-4F10-8613-05C937DCA298}
		{CF4F00B2-8039-4F83-A450-DF95AF5B3806} = {6499960F-2BD1-428E-99C9-19B323AC8010}
		{288EA003-D239-48CB-81C7-B9A115F32E46} = {6499960F-2BD1-428E-99C9-19B323AC8010}
		{86F72996-8614-4937-81D2-6E3A0CDC8C51} = {6499960F-2BD1-428E-99C9-19B323AC8010}
	EndGlobalSection
	GlobalSection(ExtensibilityGlobals) = postSolution
		SolutionGuid = {AEFEF54E-9093-4268-8123-AF0B68CABEA7}
	EndGlobalSection
EndGlobal
